# Auto-generated by Incan - do not edit manually
# Regenerate with: incan lock

[incan]
format = 2
incan-version = "0.5.0-dev.42"
deps-fingerprint = "sha256:9ae60b5e9c9866e52e0fabfc62350a3d3865cce5d805057adf784753a2d4b9d2"
cargo-features = []
cargo-no-default-features = false
cargo-all-features = false

[[semantic.packages]]
package = "regex_tutorial"
project_root = ""
active_features = []
active_optional_dependencies = []
required_sdk_components = []

[semantic.packages.dependency_features]

[cargo]
lock = """
version = 4
"""
