# Auto-generated by Incan - do not edit manually
# Regenerate with: incan lock

[incan]
format = 2
incan-version = "0.5.1-rc8"
deps-fingerprint = "sha256:ba45602f8d13df692c26230ccaf7d8ac995f2a1bb7f34ffddb7a455bc736cde1"
cargo-features = []
cargo-no-default-features = false
cargo-all-features = false

[[semantic.packages]]
package = "studiokit_consumer"
project_root = ""
active_features = []
active_optional_dependencies = []
required_sdk_components = []

[semantic.packages.dependency_features]

[[semantic.packages]]
package = "studiokit_core"
project_root = "../producer"
active_features = []
active_optional_dependencies = []
required_sdk_components = []

[semantic.packages.dependency_features]

[[semantic.feature_edges]]
from = ""
dependency_key = "studiokit"
to = "../producer"
requested_features = []
default_features = true
optional = false

[[semantic.providers]]
identity = "studiokit_core@0.1.0#sha256:162711ed69e8ce93d6ba93fee6d93a7ee146459534d646a93a54e944fe963b1c[]"
participation = "enabled"
namespace_claims = [["pub", "studiokit", "info"]]
used_modules = []
implementation_facets = []
backend_requirements = []

[cargo]
lock = """
version = 4
"""
