# Auto-generated by Incan - do not edit manually
# Regenerate with: incan lock

[incan]
format = 2
incan-version = "0.6.0-dev.1"
deps-fingerprint = "sha256:08fa3909299a263bfbd6576994d1a16ca5ad629c52aa512e170c68f9c50ba365"
cargo-features = []
cargo-no-default-features = false
cargo-all-features = false

[[semantic.workspace_members]]
member_root = "consumer"

[[semantic.workspace_members.packages]]
package = "pricing_app"
project_root = "consumer"
active_features = []
active_optional_dependencies = []
required_sdk_components = []

[semantic.workspace_members.packages.dependency_features]

[[semantic.workspace_members.packages]]
package = "pricing_core"
project_root = "producer"
active_features = []
active_optional_dependencies = []
required_sdk_components = []

[semantic.workspace_members.packages.dependency_features]

[[semantic.workspace_members.feature_edges]]
from = "consumer"
dependency_key = "pricing"
to = "producer"
requested_features = []
default_features = true
optional = false

[[semantic.workspace_members.providers]]
identity = "pricing_core@0.1.0#sha256:f63b0f05b7e3ce7a6b76da1f84ff753b7a2173611d9d1d83e353292089b05dd4[]"
participation = "enabled"
namespace_claims = [["pub", "pricing", "pricing"]]
used_modules = []
implementation_facets = []
backend_requirements = []

[[semantic.workspace_members]]
member_root = "producer"

[[semantic.workspace_members.packages]]
package = "pricing_core"
project_root = "producer"
active_features = []
active_optional_dependencies = []
required_sdk_components = []

[semantic.workspace_members.packages.dependency_features]

[cargo]
lock = """
version = 4
"""
