# Auto-generated by Incan - do not edit manually
# Regenerate with: incan lock

[incan]
format = 2
incan-version = "0.5.1-rc8"
deps-fingerprint = "sha256:f389ec1dcae1f9e1bc88650eb6e08d68fb77beea6f77a2c21d2af5ae4538753b"
cargo-features = []
cargo-no-default-features = false
cargo-all-features = false

[[semantic.workspace_members]]
member_root = "consumer"

[[semantic.workspace_members.packages]]
package = "pricing_app"
project_root = "consumer"
active_features = []
active_optional_dependencies = []
required_sdk_components = []

[semantic.workspace_members.packages.dependency_features]

[[semantic.workspace_members.packages]]
package = "pricing_core"
project_root = "producer"
active_features = []
active_optional_dependencies = []
required_sdk_components = []

[semantic.workspace_members.packages.dependency_features]

[[semantic.workspace_members.feature_edges]]
from = "consumer"
dependency_key = "pricing"
to = "producer"
requested_features = []
default_features = true
optional = false

[[semantic.workspace_members.providers]]
identity = "pricing_core@0.1.0#sha256:2e76f846897484f505848a9dd785efd0d072c0a7028d73f4a0bb227751ab2379[]"
participation = "enabled"
namespace_claims = [["pub", "pricing", "pricing"]]
used_modules = []
implementation_facets = []
backend_requirements = []

[[semantic.workspace_members]]
member_root = "producer"

[[semantic.workspace_members.packages]]
package = "pricing_core"
project_root = "producer"
active_features = []
active_optional_dependencies = []
required_sdk_components = []

[semantic.workspace_members.packages.dependency_features]

[cargo]
lock = """
version = 4
"""
