# Auto-generated by Incan - do not edit manually
# Regenerate with: incan lock

[incan]
format = 2
incan-version = "0.5.0-rc3"
deps-fingerprint = "sha256:1c14bd3055ed5e82ad73207697932040c5ae0012f94cc7a90580359ae31283b2"
cargo-features = []
cargo-no-default-features = false
cargo-all-features = false

[[semantic.workspace_members]]
member_root = "consumer"

[semantic.workspace_members.sdk]
identity = "incan@0.5.0"
inventory_digest = "sha256:7eef9801f3c99e26d69a33aa10c8b284d376ea7f501b4a587e7c56945544fff8"
profile = "default"

[[semantic.workspace_members.sdk.components]]
id = "stdlib-async"
version = "0.5.0"
reason = "profile:default"

[[semantic.workspace_members.sdk.components]]
id = "stdlib-codecs"
version = "0.5.0"
reason = "profile:default"

[[semantic.workspace_members.sdk.components]]
id = "stdlib-compression"
version = "0.5.0"
reason = "profile:default"

[[semantic.workspace_members.sdk.components]]
id = "stdlib-core"
version = "0.5.0"
reason = "mandatory"

[[semantic.workspace_members.sdk.components]]
id = "stdlib-data"
version = "0.5.0"
reason = "profile:default"

[[semantic.workspace_members.sdk.components]]
id = "stdlib-interop"
version = "0.5.0"
reason = "profile:default"

[[semantic.workspace_members.sdk.components]]
id = "stdlib-observability"
version = "0.5.0"
reason = "profile:default"

[[semantic.workspace_members.sdk.components]]
id = "stdlib-system"
version = "0.5.0"
reason = "dependency:stdlib-codecs"

[[semantic.workspace_members.sdk.components]]
id = "stdlib-testing"
version = "0.5.0"
reason = "profile:default"

[[semantic.workspace_members.sdk.components]]
id = "stdlib-web"
version = "0.5.0"
reason = "profile:default"

[[semantic.workspace_members.packages]]
package = "pricing_app"
project_root = "consumer"
active_features = []
active_optional_dependencies = []
required_sdk_components = []

[semantic.workspace_members.packages.dependency_features]

[[semantic.workspace_members.packages]]
package = "pricing_core"
project_root = "producer"
active_features = []
active_optional_dependencies = []
required_sdk_components = []

[semantic.workspace_members.packages.dependency_features]

[[semantic.workspace_members.feature_edges]]
from = "consumer"
dependency_key = "pricing"
to = "producer"
requested_features = []
default_features = true
optional = false

[[semantic.workspace_members.providers]]
identity = "incan_stdlib_async@0.5.0#sha256:c939c66c8c7be3641a0c5c816200cecaa31a46b4a44c46e7118d6859bddfbe50[]"
participation = "enabled"
namespace_claims = [["std", "async"], ["std", "async", "channel"], ["std", "async", "race"], ["std", "async", "sync"], ["std", "async", "task"], ["std", "async", "time"]]
used_modules = []
implementation_facets = []
backend_requirements = []

[[semantic.workspace_members.providers]]
identity = "incan_stdlib_codecs@0.5.0#sha256:c6cd9313ef57b2103f2d0cc7b9a66f403d37531db7302bfc7a302e7fee0c8ec8[]"
participation = "enabled"
namespace_claims = [["std", "checksum"], ["std", "encoding"], ["std", "encoding", "_shared"], ["std", "encoding", "base32"], ["std", "encoding", "base58"], ["std", "encoding", "base64"], ["std", "encoding", "base85"], ["std", "encoding", "bech32"], ["std", "encoding", "hex"]]
used_modules = []
implementation_facets = []
backend_requirements = []

[[semantic.workspace_members.providers]]
identity = "incan_stdlib_compression@0.5.0#sha256:11a54c137c63ef299d971cba80985f313d861739bc3142e575bb3996c3b90194[]"
participation = "enabled"
namespace_claims = [["std", "compression"], ["std", "compression", "_auto"], ["std", "compression", "_core"], ["std", "compression", "bz2"], ["std", "compression", "deflate"], ["std", "compression", "gzip"], ["std", "compression", "lzma"], ["std", "compression", "snappy"], ["std", "compression", "snappy", "raw"], ["std", "compression", "zlib"], ["std", "compression", "zstd"]]
used_modules = []
implementation_facets = []
backend_requirements = []

[[semantic.workspace_members.providers]]
identity = "incan_stdlib_core@0.5.0#sha256:81def6007cc14537646db80d77bc40ee746199ecd1038ab2ae0b64eafef7cba2[]"
participation = "used"
namespace_claims = [["std", "capabilities"], ["std", "derives", "collection"], ["std", "derives", "comparison"], ["std", "derives", "copying"], ["std", "derives", "string"], ["std", "prelude"], ["std", "reflection"], ["std", "registry"], ["std", "result"], ["std", "this"], ["std", "traits"], ["std", "traits", "callable"], ["std", "traits", "convert"], ["std", "traits", "error"], ["std", "traits", "indexing"], ["std", "traits", "ops"]]
used_modules = [["std", "prelude"]]
implementation_facets = []
backend_requirements = []

[[semantic.workspace_members.providers]]
identity = "incan_stdlib_data@0.5.0#sha256:da2df26240162f14a23cc62052a535cb7cbb797634d4f68798e15bcb6de04225[]"
participation = "enabled"
namespace_claims = [["std", "collections"], ["std", "datetime"], ["std", "datetime", "civil"], ["std", "datetime", "civil", "intervals"], ["std", "datetime", "civil", "naive"], ["std", "datetime", "civil", "offset"], ["std", "datetime", "error"], ["std", "datetime", "runtime"], ["std", "graph"], ["std", "hash"], ["std", "hash", "_core"], ["std", "hash", "_streaming"], ["std", "json"], ["std", "math"], ["std", "regex"], ["std", "regex", "_core"], ["std", "regex", "_replacement"], ["std", "regex", "types"], ["std", "serde"], ["std", "serde", "json"], ["std", "uuid"]]
used_modules = []
implementation_facets = []
backend_requirements = []

[[semantic.workspace_members.providers]]
identity = "incan_stdlib_interop@0.5.0#sha256:ebcb23045f1e0293727b988e33a843e95192823190c251b015113550e3c90b8f[]"
participation = "enabled"
namespace_claims = [["std", "interop"]]
used_modules = []
implementation_facets = []
backend_requirements = []

[[semantic.workspace_members.providers]]
identity = "incan_stdlib_observability@0.5.0#sha256:38421ffe52ba2884dea5b258958d2917829c949d12c13db55506f90253efdbb3[]"
participation = "enabled"
namespace_claims = [["std", "logging"], ["std", "telemetry"], ["std", "telemetry", "core"]]
used_modules = []
implementation_facets = []
backend_requirements = []

[[semantic.workspace_members.providers]]
identity = "incan_stdlib_system@0.5.0#sha256:e105a2fd66f0de49018a5b08a3a3bd85e16b0ab12e3bdf7ff23e0c1f1523dd28[]"
participation = "enabled"
namespace_claims = [["std", "environ"], ["std", "fs"], ["std", "fs", "file"], ["std", "fs", "glob"], ["std", "fs", "locking"], ["std", "fs", "metadata"], ["std", "fs", "path"], ["std", "io"], ["std", "tempfile"]]
used_modules = []
implementation_facets = []
backend_requirements = []

[[semantic.workspace_members.providers]]
identity = "incan_stdlib_testing@0.5.0#sha256:f41c7fd8d5763d4cdc273242a91a994f9e24f015e63c83b0371daa8840b65322[]"
participation = "enabled"
namespace_claims = [["std", "testing"]]
used_modules = []
implementation_facets = []
backend_requirements = []

[[semantic.workspace_members.providers]]
identity = "incan_stdlib_web@0.5.0#sha256:db6d6d35035f3507464d25e9626e92a242c1a38ceaf761eedc50c01350a5daa9[]"
participation = "enabled"
namespace_claims = [["std", "web"], ["std", "web", "app"], ["std", "web", "macros"], ["std", "web", "request"], ["std", "web", "response"], ["std", "web", "routing"]]
used_modules = []
implementation_facets = []
backend_requirements = []

[[semantic.workspace_members.providers]]
identity = "pricing_core@0.1.0#sha256:d2c811bcd14b5a92c65151bd639c44b3e43299a86f95471ff7e0bfe57e6b955b[]"
participation = "enabled"
namespace_claims = [["pub", "pricing", "pricing"]]
used_modules = []
implementation_facets = []
backend_requirements = []

[[semantic.workspace_members]]
member_root = "producer"

[semantic.workspace_members.sdk]
identity = "incan@0.5.0"
inventory_digest = "sha256:7eef9801f3c99e26d69a33aa10c8b284d376ea7f501b4a587e7c56945544fff8"
profile = "default"

[[semantic.workspace_members.sdk.components]]
id = "stdlib-async"
version = "0.5.0"
reason = "profile:default"

[[semantic.workspace_members.sdk.components]]
id = "stdlib-codecs"
version = "0.5.0"
reason = "profile:default"

[[semantic.workspace_members.sdk.components]]
id = "stdlib-compression"
version = "0.5.0"
reason = "profile:default"

[[semantic.workspace_members.sdk.components]]
id = "stdlib-core"
version = "0.5.0"
reason = "mandatory"

[[semantic.workspace_members.sdk.components]]
id = "stdlib-data"
version = "0.5.0"
reason = "profile:default"

[[semantic.workspace_members.sdk.components]]
id = "stdlib-interop"
version = "0.5.0"
reason = "profile:default"

[[semantic.workspace_members.sdk.components]]
id = "stdlib-observability"
version = "0.5.0"
reason = "profile:default"

[[semantic.workspace_members.sdk.components]]
id = "stdlib-system"
version = "0.5.0"
reason = "dependency:stdlib-codecs"

[[semantic.workspace_members.sdk.components]]
id = "stdlib-testing"
version = "0.5.0"
reason = "profile:default"

[[semantic.workspace_members.sdk.components]]
id = "stdlib-web"
version = "0.5.0"
reason = "profile:default"

[[semantic.workspace_members.packages]]
package = "pricing_core"
project_root = "producer"
active_features = []
active_optional_dependencies = []
required_sdk_components = []

[semantic.workspace_members.packages.dependency_features]

[[semantic.workspace_members.providers]]
identity = "incan_stdlib_async@0.5.0#sha256:c939c66c8c7be3641a0c5c816200cecaa31a46b4a44c46e7118d6859bddfbe50[]"
participation = "enabled"
namespace_claims = [["std", "async"], ["std", "async", "channel"], ["std", "async", "race"], ["std", "async", "sync"], ["std", "async", "task"], ["std", "async", "time"]]
used_modules = []
implementation_facets = []
backend_requirements = []

[[semantic.workspace_members.providers]]
identity = "incan_stdlib_codecs@0.5.0#sha256:c6cd9313ef57b2103f2d0cc7b9a66f403d37531db7302bfc7a302e7fee0c8ec8[]"
participation = "enabled"
namespace_claims = [["std", "checksum"], ["std", "encoding"], ["std", "encoding", "_shared"], ["std", "encoding", "base32"], ["std", "encoding", "base58"], ["std", "encoding", "base64"], ["std", "encoding", "base85"], ["std", "encoding", "bech32"], ["std", "encoding", "hex"]]
used_modules = []
implementation_facets = []
backend_requirements = []

[[semantic.workspace_members.providers]]
identity = "incan_stdlib_compression@0.5.0#sha256:11a54c137c63ef299d971cba80985f313d861739bc3142e575bb3996c3b90194[]"
participation = "enabled"
namespace_claims = [["std", "compression"], ["std", "compression", "_auto"], ["std", "compression", "_core"], ["std", "compression", "bz2"], ["std", "compression", "deflate"], ["std", "compression", "gzip"], ["std", "compression", "lzma"], ["std", "compression", "snappy"], ["std", "compression", "snappy", "raw"], ["std", "compression", "zlib"], ["std", "compression", "zstd"]]
used_modules = []
implementation_facets = []
backend_requirements = []

[[semantic.workspace_members.providers]]
identity = "incan_stdlib_core@0.5.0#sha256:81def6007cc14537646db80d77bc40ee746199ecd1038ab2ae0b64eafef7cba2[]"
participation = "used"
namespace_claims = [["std", "capabilities"], ["std", "derives", "collection"], ["std", "derives", "comparison"], ["std", "derives", "copying"], ["std", "derives", "string"], ["std", "prelude"], ["std", "reflection"], ["std", "registry"], ["std", "result"], ["std", "this"], ["std", "traits"], ["std", "traits", "callable"], ["std", "traits", "convert"], ["std", "traits", "error"], ["std", "traits", "indexing"], ["std", "traits", "ops"]]
used_modules = [["std", "prelude"]]
implementation_facets = []
backend_requirements = []

[[semantic.workspace_members.providers]]
identity = "incan_stdlib_data@0.5.0#sha256:da2df26240162f14a23cc62052a535cb7cbb797634d4f68798e15bcb6de04225[]"
participation = "enabled"
namespace_claims = [["std", "collections"], ["std", "datetime"], ["std", "datetime", "civil"], ["std", "datetime", "civil", "intervals"], ["std", "datetime", "civil", "naive"], ["std", "datetime", "civil", "offset"], ["std", "datetime", "error"], ["std", "datetime", "runtime"], ["std", "graph"], ["std", "hash"], ["std", "hash", "_core"], ["std", "hash", "_streaming"], ["std", "json"], ["std", "math"], ["std", "regex"], ["std", "regex", "_core"], ["std", "regex", "_replacement"], ["std", "regex", "types"], ["std", "serde"], ["std", "serde", "json"], ["std", "uuid"]]
used_modules = []
implementation_facets = []
backend_requirements = []

[[semantic.workspace_members.providers]]
identity = "incan_stdlib_interop@0.5.0#sha256:ebcb23045f1e0293727b988e33a843e95192823190c251b015113550e3c90b8f[]"
participation = "enabled"
namespace_claims = [["std", "interop"]]
used_modules = []
implementation_facets = []
backend_requirements = []

[[semantic.workspace_members.providers]]
identity = "incan_stdlib_observability@0.5.0#sha256:38421ffe52ba2884dea5b258958d2917829c949d12c13db55506f90253efdbb3[]"
participation = "enabled"
namespace_claims = [["std", "logging"], ["std", "telemetry"], ["std", "telemetry", "core"]]
used_modules = []
implementation_facets = []
backend_requirements = []

[[semantic.workspace_members.providers]]
identity = "incan_stdlib_system@0.5.0#sha256:e105a2fd66f0de49018a5b08a3a3bd85e16b0ab12e3bdf7ff23e0c1f1523dd28[]"
participation = "enabled"
namespace_claims = [["std", "environ"], ["std", "fs"], ["std", "fs", "file"], ["std", "fs", "glob"], ["std", "fs", "locking"], ["std", "fs", "metadata"], ["std", "fs", "path"], ["std", "io"], ["std", "tempfile"]]
used_modules = []
implementation_facets = []
backend_requirements = []

[[semantic.workspace_members.providers]]
identity = "incan_stdlib_testing@0.5.0#sha256:f41c7fd8d5763d4cdc273242a91a994f9e24f015e63c83b0371daa8840b65322[]"
participation = "enabled"
namespace_claims = [["std", "testing"]]
used_modules = []
implementation_facets = []
backend_requirements = []

[[semantic.workspace_members.providers]]
identity = "incan_stdlib_web@0.5.0#sha256:db6d6d35035f3507464d25e9626e92a242c1a38ceaf761eedc50c01350a5daa9[]"
participation = "enabled"
namespace_claims = [["std", "web"], ["std", "web", "app"], ["std", "web", "macros"], ["std", "web", "request"], ["std", "web", "response"], ["std", "web", "routing"]]
used_modules = []
implementation_facets = []
backend_requirements = []

[cargo]
lock = """
version = 4
"""
