# Auto-generated by Incan - do not edit manually
# Regenerate with: incan lock

[incan]
format = 2
incan-version = "0.5.1-rc8"
deps-fingerprint = "sha256:5b1994b3ad70be934d5650d252733d0d4bc1adeb9522fe879cf6636c0a7d3628"
cargo-features = []
cargo-no-default-features = false
cargo-all-features = false

[[semantic.packages]]
package = "routekit_core"
project_root = ""
active_features = []
active_optional_dependencies = []
required_sdk_components = []

[semantic.packages.dependency_features]

[cargo]
lock = """
version = 4
"""
