# Auto-generated by Incan - do not edit manually
# Regenerate with: incan lock

[incan]
format = 2
incan-version = "0.5.1-rc12"
deps-fingerprint = "sha256:f9f6b7b026a93b57668746502bdbf8a4853934c9c1c8c622736a79b2b44ab93a"
cargo-features = []
cargo-no-default-features = false
cargo-all-features = false

[semantic.sdk]
identity = "incan@0.5.1-rc12"
inventory_digest = "sha256:1a4d24684517ef3895d7b7679d59e2d0c3e29320b728f84ffadcef1b88b31df4"
profile = "default"

[[semantic.sdk.components]]
id = "stdlib-async"
version = "0.5.1-rc12"
reason = "profile:default"

[[semantic.sdk.components]]
id = "stdlib-codecs"
version = "0.5.1-rc12"
reason = "profile:default"

[[semantic.sdk.components]]
id = "stdlib-compression"
version = "0.5.1-rc12"
reason = "profile:default"

[[semantic.sdk.components]]
id = "stdlib-core"
version = "0.5.1-rc12"
reason = "mandatory"

[[semantic.sdk.components]]
id = "stdlib-data"
version = "0.5.1-rc12"
reason = "profile:default"

[[semantic.sdk.components]]
id = "stdlib-interop"
version = "0.5.1-rc12"
reason = "profile:default"

[[semantic.sdk.components]]
id = "stdlib-observability"
version = "0.5.1-rc12"
reason = "profile:default"

[[semantic.sdk.components]]
id = "stdlib-system"
version = "0.5.1-rc12"
reason = "dependency:stdlib-codecs"

[[semantic.sdk.components]]
id = "stdlib-testing"
version = "0.5.1-rc12"
reason = "profile:default"

[[semantic.sdk.components]]
id = "stdlib-web"
version = "0.5.1-rc12"
reason = "profile:default"

[[semantic.packages]]
package = "querykit_core"
project_root = ""
active_features = []
active_optional_dependencies = []
required_sdk_components = []

[semantic.packages.dependency_features]

[[semantic.providers]]
identity = "incan_stdlib_async@0.5.0#sha256:64be66de6c18372583f9f94d8c5c5a0ecee0e63fece9418c9e939221aecf3e16[]"
participation = "enabled"
namespace_claims = [["std", "async"], ["std", "async", "channel"], ["std", "async", "race"], ["std", "async", "sync"], ["std", "async", "task"], ["std", "async", "time"]]
used_modules = []
implementation_facets = []
backend_requirements = []

[[semantic.providers]]
identity = "incan_stdlib_codecs@0.5.0#sha256:9464e9d67f6c7a050bd082ed35b5f16ce02864f869331c710f0a63fbe342c71c[]"
participation = "enabled"
namespace_claims = [["std", "checksum"], ["std", "encoding"], ["std", "encoding", "_shared"], ["std", "encoding", "base32"], ["std", "encoding", "base58"], ["std", "encoding", "base64"], ["std", "encoding", "base85"], ["std", "encoding", "bech32"], ["std", "encoding", "hex"]]
used_modules = []
implementation_facets = []
backend_requirements = []

[[semantic.providers]]
identity = "incan_stdlib_compression@0.5.0#sha256:72efff236e97e0ee18fc9036db29c998c0815bdf1068b28fbe6669ff9f46439e[]"
participation = "enabled"
namespace_claims = [["std", "compression"], ["std", "compression", "_auto"], ["std", "compression", "_core"], ["std", "compression", "bz2"], ["std", "compression", "deflate"], ["std", "compression", "gzip"], ["std", "compression", "lzma"], ["std", "compression", "snappy"], ["std", "compression", "snappy", "raw"], ["std", "compression", "zlib"], ["std", "compression", "zstd"]]
used_modules = []
implementation_facets = []
backend_requirements = []

[[semantic.providers]]
identity = "incan_stdlib_core@0.5.0#sha256:d0d08090585fac6fbfc5979100dfce51675dd2b5b125b3802ba364123454b125[]"
participation = "used"
namespace_claims = [["std", "capabilities"], ["std", "derives", "collection"], ["std", "derives", "comparison"], ["std", "derives", "copying"], ["std", "derives", "string"], ["std", "prelude"], ["std", "reflection"], ["std", "registry"], ["std", "result"], ["std", "this"], ["std", "traits"], ["std", "traits", "callable"], ["std", "traits", "convert"], ["std", "traits", "error"], ["std", "traits", "indexing"], ["std", "traits", "ops"]]
used_modules = [["std", "prelude"]]
implementation_facets = []
backend_requirements = []

[[semantic.providers]]
identity = "incan_stdlib_data@0.5.0#sha256:e5b057c0dfb04c5d7db275c2ebb18908b3fbcf785b72c6a5f96a3a464af309a9[]"
participation = "enabled"
namespace_claims = [["std", "collections"], ["std", "datetime"], ["std", "datetime", "civil"], ["std", "datetime", "civil", "intervals"], ["std", "datetime", "civil", "naive"], ["std", "datetime", "civil", "offset"], ["std", "datetime", "error"], ["std", "datetime", "runtime"], ["std", "graph"], ["std", "hash"], ["std", "hash", "_core"], ["std", "hash", "_streaming"], ["std", "json"], ["std", "math"], ["std", "regex"], ["std", "regex", "_core"], ["std", "regex", "_replacement"], ["std", "regex", "types"], ["std", "serde"], ["std", "serde", "json"], ["std", "uuid"]]
used_modules = []
implementation_facets = []
backend_requirements = []

[[semantic.providers]]
identity = "incan_stdlib_interop@0.5.0#sha256:cf04d84a1ce34668d22ab58b98b13b4b0812bec57d598b5ee310c9f98b6b1260[]"
participation = "enabled"
namespace_claims = [["std", "interop"]]
used_modules = []
implementation_facets = []
backend_requirements = []

[[semantic.providers]]
identity = "incan_stdlib_observability@0.5.0#sha256:e5669ef838b507eecb13c61007adea36eb48c5e47736da8061035dafddadf803[]"
participation = "enabled"
namespace_claims = [["std", "logging"], ["std", "telemetry"], ["std", "telemetry", "core"]]
used_modules = []
implementation_facets = []
backend_requirements = []

[[semantic.providers]]
identity = "incan_stdlib_system@0.5.0#sha256:861c674186d3d70d8db893b5eed25d661d57b847de0c9c70b243827a47a83a40[]"
participation = "enabled"
namespace_claims = [["std", "environ"], ["std", "fs"], ["std", "fs", "file"], ["std", "fs", "glob"], ["std", "fs", "locking"], ["std", "fs", "metadata"], ["std", "fs", "path"], ["std", "io"], ["std", "tempfile"]]
used_modules = []
implementation_facets = []
backend_requirements = []

[[semantic.providers]]
identity = "incan_stdlib_testing@0.5.0#sha256:16afa47caa6f297b02ee9a59968c64ddb23366197584cec87994a5d9bb198221[]"
participation = "enabled"
namespace_claims = [["std", "testing"]]
used_modules = []
implementation_facets = []
backend_requirements = []

[[semantic.providers]]
identity = "incan_stdlib_web@0.5.0#sha256:d42bc51676c3f17cd190b4a32c215cf87fd963b84c4bbe9021c01a1d178c274d[]"
participation = "enabled"
namespace_claims = [["std", "web"], ["std", "web", "app"], ["std", "web", "macros"], ["std", "web", "request"], ["std", "web", "response"], ["std", "web", "routing"]]
used_modules = []
implementation_facets = []
backend_requirements = []

[cargo]
lock = """
version = 4
"""
