# Auto-generated by Incan - do not edit manually
# Regenerate with: incan lock

[incan]
format = 2
incan-version = "0.5.1-rc8"
deps-fingerprint = "sha256:a39b98aa2c1a8386abd72bb963f115fd5b605a5c057a9316f26c88d8d68ec467"
cargo-features = []
cargo-no-default-features = false
cargo-all-features = false

[[semantic.packages]]
package = "querykit_core"
project_root = ""
active_features = []
active_optional_dependencies = []
required_sdk_components = []

[semantic.packages.dependency_features]

[cargo]
lock = """
version = 4
"""
