# Auto-generated by Incan - do not edit manually
# Regenerate with: incan lock

[incan]
format = 2
incan-version = "0.5.1-rc8"
deps-fingerprint = "sha256:5f297efee58512868fa81b8137d6171a4bea9e7412f8104de435e0cc0d0495e3"
cargo-features = []
cargo-no-default-features = false
cargo-all-features = false

[[semantic.packages]]
package = "querykit_consumer"
project_root = ""
active_features = []
active_optional_dependencies = []
required_sdk_components = []

[semantic.packages.dependency_features]

[[semantic.packages]]
package = "querykit_core"
project_root = "../producer"
active_features = []
active_optional_dependencies = []
required_sdk_components = []

[semantic.packages.dependency_features]

[[semantic.feature_edges]]
from = ""
dependency_key = "querykit"
to = "../producer"
requested_features = []
default_features = true
optional = false

[[semantic.providers]]
identity = "querykit_core@0.1.0#sha256:20f9ae00b40e1dbaf45eb13956816194419580c204dfbe6819b463fbe0385a95[]"
participation = "enabled"
namespace_claims = [["pub", "querykit", "info"]]
used_modules = []
implementation_facets = []
backend_requirements = []

[cargo]
lock = """
version = 4
"""
