# Auto-generated by Incan - do not edit manually
# Regenerate with: incan lock

[incan]
format = 2
incan-version = "0.5.1-rc8"
deps-fingerprint = "sha256:c25e21e69079e2dbf9edffd18a629cfaf94faf75aa8ed729fe6867a48ce92e26"
cargo-features = []
cargo-no-default-features = false
cargo-all-features = false

[[semantic.packages]]
package = "routekit_consumer"
project_root = ""
active_features = []
active_optional_dependencies = []
required_sdk_components = []

[semantic.packages.dependency_features]

[[semantic.packages]]
package = "routekit_core"
project_root = "../producer"
active_features = []
active_optional_dependencies = []
required_sdk_components = []

[semantic.packages.dependency_features]

[[semantic.feature_edges]]
from = ""
dependency_key = "routekit"
to = "../producer"
requested_features = []
default_features = true
optional = false

[[semantic.providers]]
identity = "routekit_core@0.1.0#sha256:643d93412cdbd07cf9c481f54c2fa2d9ebdcd42ff8f3cec67909b11b78a5db3f[]"
participation = "enabled"
namespace_claims = [["pub", "routekit", "info"]]
used_modules = []
implementation_facets = []
backend_requirements = []

[cargo]
lock = """
version = 4
"""
